
Microsoft Visual Studio Solution File, Format Version 12.00
# Visual Studio Version 17
VisualStudioVersion = 17.13.35825.156 d17.13
MinimumVisualStudioVersion = 10.0.40219.1
Project("{FAE04EC0-301F-11D3-BF4B-00C04F79EFBC}") = "LoginPaneli", "LoginPaneli\LoginPaneli.csproj", "{F1578C0F-F3B8-4809-B9C7-157F3848CC7E}"
EndProject
Global
	GlobalSection(SolutionConfigurationPlatforms) = preSolution
		Debug|Any CPU = Debug|Any CPU
		Release|Any CPU = Release|Any CPU
	EndGlobalSection
	GlobalSection(ProjectConfigurationPlatforms) = postSolution
		{F1578C0F-F3B8-4809-B9C7-157F3848CC7E}.Debug|Any CPU.ActiveCfg = Debug|Any CPU
		{F1578C0F-F3B8-4809-B9C7-157F3848CC7E}.Debug|Any CPU.Build.0 = Debug|Any CPU
		{F1578C0F-F3B8-4809-B9C7-157F3848CC7E}.Release|Any CPU.ActiveCfg = Release|Any CPU
		{F1578C0F-F3B8-4809-B9C7-157F3848CC7E}.Release|Any CPU.Build.0 = Release|Any CPU
	EndGlobalSection
	GlobalSection(SolutionProperties) = preSolution
		HideSolutionNode = FALSE
	EndGlobalSection
	GlobalSection(ExtensibilityGlobals) = postSolution
		SolutionGuid = {8A59DC4D-6AFE-4267-884F-B015AE498D21}
	EndGlobalSection
EndGlobal
